# This file is automatically @generated by Cargo.
# It is not intended for manual editing.
version = 3

[[package]]
name = "http_req_10"
version = "0.1.0"
dependencies = [
 "http_req_wasi",
]

[[package]]
name = "http_req_wasi"
version = "0.10.2"
source = "registry+https://github.com/rust-lang/crates.io-index"
checksum = "3556b0e995620949f801b847c8706fd8ae1c15f42eeaa9c0da3111b2eb0c6f1b"
dependencies = [
 "unicase",
 "wasmedge_wasi_socket",
]

[[package]]
name = "libc"
version = "0.2.147"
source = "registry+https://github.com/rust-lang/crates.io-index"
checksum = "b4668fb0ea861c1df094127ac5f1da3409a82116a4ba74fca2e58ef927159bb3"

[[package]]
name = "unicase"
version = "2.6.0"
source = "registry+https://github.com/rust-lang/crates.io-index"
checksum = "50f37be617794602aabbeee0be4f259dc1778fabe05e2d67ee8f79326d5cb4f6"
dependencies = [
 "version_check",
]

[[package]]
name = "version_check"
version = "0.9.4"
source = "registry+https://github.com/rust-lang/crates.io-index"
checksum = "49874b5167b65d7193b8aba1567f5c7d93d001cafc34600cee003eda787e483f"

[[package]]
name = "wasmedge_wasi_socket"
version = "0.4.3"
source = "registry+https://github.com/rust-lang/crates.io-index"
checksum = "ced1141c1b396ada9db93d9cebca51d600e24825454661157a7429d77421269f"
dependencies = [
 "libc",
]
